{
  "version": 1,
  "dependencies": {
    "net8.0": {
      "Confluent.Kafka": {
        "type": "Direct",
        "requested": "[2.10.0, )",
        "resolved": "2.10.0",
        "contentHash": "beGF9x9Yw83NDTs0oyNdRHSR27HjF2NpwwCZZ45hEk1zE+yDW8JXuyzitfdYftLACCbuaBJCEh+ZW7Qxg9cdnA==",
        "dependencies": {
          "librdkafka.redist": "2.10.0"
        }
      },
      "librdkafka.redist": {
        "type": "Transitive",
        "resolved": "2.10.0",
        "contentHash": "QOvg/8WapA3c5EwPojCjnLEdxJNjxJ5s2GO8VxrDV9BTpnXHHGJ14MPwcGKiQeiRsBvPoeoTKMOh5KYu/Wm3jw=="
      },
      "financialmonitoring.models": {
        "type": "Project"
      }
    }
  }
}